
Microsoft Visual Studio Solution File, Format Version 12.00
# Visual Studio Version 16
VisualStudioVersion = 16.0.30523.141
MinimumVisualStudioVersion = 10.0.40219.1
Project("{FAE04EC0-301F-11D3-BF4B-00C04F79EFBC}") = "CursValutar.UWP", "CursValutar.UWP\CursValutar.UWP.csproj", "{9CC02BC2-0F38-42A1-BEE3-585B7A70A654}"
EndProject
Project("{FAE04EC0-301F-11D3-BF4B-00C04F79EFBC}") = "CursValutar.Android", "CursValutar.Android\CursValutar.Android.csproj", "{BA7A11D8-D3C4-400E-BA94-23CDA8934907}"
EndProject
Project("{FAE04EC0-301F-11D3-BF4B-00C04F79EFBC}") = "CursValutar.iOS", "CursValutar.iOS\CursValutar.iOS.csproj", "{C1D6792B-8F6F-4053-9F5B-E8E86E798C5C}"
EndProject
Project("{FAE04EC0-301F-11D3-BF4B-00C04F79EFBC}") = "CursValutar", "CursValutar\CursValutar.csproj", "{861B15C4-58EB-4067-A0E3-B09964EA0A3A}"
EndProject
Global
	GlobalSection(SolutionConfigurationPlatforms) = preSolution
		Debug|Any CPU = Debug|Any CPU
		Debug|ARM = Debug|ARM
		Debug|iPhone = Debug|iPhone
		Debug|iPhoneSimulator = Debug|iPhoneSimulator
		Debug|x64 = Debug|x64
		Debug|x86 = Debug|x86
		Release|Any CPU = Release|Any CPU
		Release|ARM = Release|ARM
		Release|iPhone = Release|iPhone
		Release|iPhoneSimulator = Release|iPhoneSimulator
		Release|x64 = Release|x64
		Release|x86 = Release|x86
	EndGlobalSection
	GlobalSection(ProjectConfigurationPlatforms) = postSolution
		{9CC02BC2-0F38-42A1-BEE3-585B7A70A654}.Debug|Any CPU.ActiveCfg = Debug|x86
		{9CC02BC2-0F38-42A1-BEE3-585B7A70A654}.Debug|Any CPU.Build.0 = Debug|x86
		{9CC02BC2-0F38-42A1-BEE3-585B7A70A654}.Debug|Any CPU.Deploy.0 = Debug|x86
		{9CC02BC2-0F38-42A1-BEE3-585B7A70A654}.Debug|ARM.ActiveCfg = Debug|ARM
		{9CC02BC2-0F38-42A1-BEE3-585B7A70A654}.Debug|ARM.Build.0 = Debug|ARM
		{9CC02BC2-0F38-42A1-BEE3-585B7A70A654}.Debug|ARM.Deploy.0 = Debug|ARM
		{9CC02BC2-0F38-42A1-BEE3-585B7A70A654}.Debug|iPhone.ActiveCfg = Debug|x86
		{9CC02BC2-0F38-42A1-BEE3-585B7A70A654}.Debug|iPhone.Build.0 = Debug|x86
		{9CC02BC2-0F38-42A1-BEE3-585B7A70A654}.Debug|iPhone.Deploy.0 = Debug|x86
		{9CC02BC2-0F38-42A1-BEE3-585B7A70A654}.Debug|iPhoneSimulator.ActiveCfg = Debug|x86
		{9CC02BC2-0F38-42A1-BEE3-585B7A70A654}.Debug|iPhoneSimulator.Build.0 = Debug|x86
		{9CC02BC2-0F38-42A1-BEE3-585B7A70A654}.Debug|iPhoneSimulator.Deploy.0 = Debug|x86
		{9CC02BC2-0F38-42A1-BEE3-585B7A70A654}.Debug|x64.ActiveCfg = Debug|x64
		{9CC02BC2-0F38-42A1-BEE3-585B7A70A654}.Debug|x64.Build.0 = Debug|x64
		{9CC02BC2-0F38-42A1-BEE3-585B7A70A654}.Debug|x64.Deploy.0 = Debug|x64
		{9CC02BC2-0F38-42A1-BEE3-585B7A70A654}.Debug|x86.ActiveCfg = Debug|x86
		{9CC02BC2-0F38-42A1-BEE3-585B7A70A654}.Debug|x86.Build.0 = Debug|x86
		{9CC02BC2-0F38-42A1-BEE3-585B7A70A654}.Debug|x86.Deploy.0 = Debug|x86
		{9CC02BC2-0F38-42A1-BEE3-585B7A70A654}.Release|Any CPU.ActiveCfg = Release|x86
		{9CC02BC2-0F38-42A1-BEE3-585B7A70A654}.Release|Any CPU.Build.0 = Release|x86
		{9CC02BC2-0F38-42A1-BEE3-585B7A70A654}.Release|Any CPU.Deploy.0 = Release|x86
		{9CC02BC2-0F38-42A1-BEE3-585B7A70A654}.Release|ARM.ActiveCfg = Release|ARM
		{9CC02BC2-0F38-42A1-BEE3-585B7A70A654}.Release|ARM.Build.0 = Release|ARM
		{9CC02BC2-0F38-42A1-BEE3-585B7A70A654}.Release|ARM.Deploy.0 = Release|ARM
		{9CC02BC2-0F38-42A1-BEE3-585B7A70A654}.Release|iPhone.ActiveCfg = Release|x86
		{9CC02BC2-0F38-42A1-BEE3-585B7A70A654}.Release|iPhone.Build.0 = Release|x86
		{9CC02BC2-0F38-42A1-BEE3-585B7A70A654}.Release|iPhone.Deploy.0 = Release|x86
		{9CC02BC2-0F38-42A1-BEE3-585B7A70A654}.Release|iPhoneSimulator.ActiveCfg = Release|x86
		{9CC02BC2-0F38-42A1-BEE3-585B7A70A654}.Release|iPhoneSimulator.Build.0 = Release|x86
		{9CC02BC2-0F38-42A1-BEE3-585B7A70A654}.Release|iPhoneSimulator.Deploy.0 = Release|x86
		{9CC02BC2-0F38-42A1-BEE3-585B7A70A654}.Release|x64.ActiveCfg = Release|x64
		{9CC02BC2-0F38-42A1-BEE3-585B7A70A654}.Release|x64.Build.0 = Release|x64
		{9CC02BC2-0F38-42A1-BEE3-585B7A70A654}.Release|x64.Deploy.0 = Release|x64
		{9CC02BC2-0F38-42A1-BEE3-585B7A70A654}.Release|x86.ActiveCfg = Release|x86
		{9CC02BC2-0F38-42A1-BEE3-585B7A70A654}.Release|x86.Build.0 = Release|x86
		{9CC02BC2-0F38-42A1-BEE3-585B7A70A654}.Release|x86.Deploy.0 = Release|x86
		{BA7A11D8-D3C4-400E-BA94-23CDA8934907}.Debug|Any CPU.ActiveCfg = Debug|Any CPU
		{BA7A11D8-D3C4-400E-BA94-23CDA8934907}.Debug|Any CPU.Build.0 = Debug|Any CPU
		{BA7A11D8-D3C4-400E-BA94-23CDA8934907}.Debug|Any CPU.Deploy.0 = Debug|Any CPU
		{BA7A11D8-D3C4-400E-BA94-23CDA8934907}.Debug|ARM.ActiveCfg = Debug|Any CPU
		{BA7A11D8-D3C4-400E-BA94-23CDA8934907}.Debug|ARM.Build.0 = Debug|Any CPU
		{BA7A11D8-D3C4-400E-BA94-23CDA8934907}.Debug|ARM.Deploy.0 = Debug|Any CPU
		{BA7A11D8-D3C4-400E-BA94-23CDA8934907}.Debug|iPhone.ActiveCfg = Debug|Any CPU
		{BA7A11D8-D3C4-400E-BA94-23CDA8934907}.Debug|iPhone.Build.0 = Debug|Any CPU
		{BA7A11D8-D3C4-400E-BA94-23CDA8934907}.Debug|iPhone.Deploy.0 = Debug|Any CPU
		{BA7A11D8-D3C4-400E-BA94-23CDA8934907}.Debug|iPhoneSimulator.ActiveCfg = Debug|Any CPU
		{BA7A11D8-D3C4-400E-BA94-23CDA8934907}.Debug|iPhoneSimulator.Build.0 = Debug|Any CPU
		{BA7A11D8-D3C4-400E-BA94-23CDA8934907}.Debug|iPhoneSimulator.Deploy.0 = Debug|Any CPU
		{BA7A11D8-D3C4-400E-BA94-23CDA8934907}.Debug|x64.ActiveCfg = Debug|Any CPU
		{BA7A11D8-D3C4-400E-BA94-23CDA8934907}.Debug|x64.Build.0 = Debug|Any CPU
		{BA7A11D8-D3C4-400E-BA94-23CDA8934907}.Debug|x64.Deploy.0 = Debug|Any CPU
		{BA7A11D8-D3C4-400E-BA94-23CDA8934907}.Debug|x86.ActiveCfg = Debug|Any CPU
		{BA7A11D8-D3C4-400E-BA94-23CDA8934907}.Debug|x86.Build.0 = Debug|Any CPU
		{BA7A11D8-D3C4-400E-BA94-23CDA8934907}.Debug|x86.Deploy.0 = Debug|Any CPU
		{BA7A11D8-D3C4-400E-BA94-23CDA8934907}.Release|Any CPU.ActiveCfg = Release|Any CPU
		{BA7A11D8-D3C4-400E-BA94-23CDA8934907}.Release|Any CPU.Build.0 = Release|Any CPU
		{BA7A11D8-D3C4-400E-BA94-23CDA8934907}.Release|Any CPU.Deploy.0 = Release|Any CPU
		{BA7A11D8-D3C4-400E-BA94-23CDA8934907}.Release|ARM.ActiveCfg = Release|Any CPU
		{BA7A11D8-D3C4-400E-BA94-23CDA8934907}.Release|ARM.Build.0 = Release|Any CPU
		{BA7A11D8-D3C4-400E-BA94-23CDA8934907}.Release|ARM.Deploy.0 = Release|Any CPU
		{BA7A11D8-D3C4-400E-BA94-23CDA8934907}.Release|iPhone.ActiveCfg = Release|Any CPU
		{BA7A11D8-D3C4-400E-BA94-23CDA8934907}.Release|iPhone.Build.0 = Release|Any CPU
		{BA7A11D8-D3C4-400E-BA94-23CDA8934907}.Release|iPhone.Deploy.0 = Release|Any CPU
		{BA7A11D8-D3C4-400E-BA94-23CDA8934907}.Release|iPhoneSimulator.ActiveCfg = Release|Any CPU
		{BA7A11D8-D3C4-400E-BA94-23CDA8934907}.Release|iPhoneSimulator.Build.0 = Release|Any CPU
		{BA7A11D8-D3C4-400E-BA94-23CDA8934907}.Release|iPhoneSimulator.Deploy.0 = Release|Any CPU
		{BA7A11D8-D3C4-400E-BA94-23CDA8934907}.Release|x64.ActiveCfg = Release|Any CPU
		{BA7A11D8-D3C4-400E-BA94-23CDA8934907}.Release|x64.Build.0 = Release|Any CPU
		{BA7A11D8-D3C4-400E-BA94-23CDA8934907}.Release|x64.Deploy.0 = Release|Any CPU
		{BA7A11D8-D3C4-400E-BA94-23CDA8934907}.Release|x86.ActiveCfg = Release|Any CPU
		{BA7A11D8-D3C4-400E-BA94-23CDA8934907}.Release|x86.Build.0 = Release|Any CPU
		{BA7A11D8-D3C4-400E-BA94-23CDA8934907}.Release|x86.Deploy.0 = Release|Any CPU
		{C1D6792B-8F6F-4053-9F5B-E8E86E798C5C}.Debug|Any CPU.ActiveCfg = Debug|iPhoneSimulator
		{C1D6792B-8F6F-4053-9F5B-E8E86E798C5C}.Debug|Any CPU.Build.0 = Debug|iPhoneSimulator
		{C1D6792B-8F6F-4053-9F5B-E8E86E798C5C}.Debug|Any CPU.Deploy.0 = Debug|iPhoneSimulator
		{C1D6792B-8F6F-4053-9F5B-E8E86E798C5C}.Debug|ARM.ActiveCfg = Debug|iPhone
		{C1D6792B-8F6F-4053-9F5B-E8E86E798C5C}.Debug|ARM.Build.0 = Debug|iPhone
		{C1D6792B-8F6F-4053-9F5B-E8E86E798C5C}.Debug|ARM.Deploy.0 = Debug|iPhone
		{C1D6792B-8F6F-4053-9F5B-E8E86E798C5C}.Debug|iPhone.ActiveCfg = Debug|iPhone
		{C1D6792B-8F6F-4053-9F5B-E8E86E798C5C}.Debug|iPhone.Build.0 = Debug|iPhone
		{C1D6792B-8F6F-4053-9F5B-E8E86E798C5C}.Debug|iPhone.Deploy.0 = Debug|iPhone
		{C1D6792B-8F6F-4053-9F5B-E8E86E798C5C}.Debug|iPhoneSimulator.ActiveCfg = Debug|iPhoneSimulator
		{C1D6792B-8F6F-4053-9F5B-E8E86E798C5C}.Debug|iPhoneSimulator.Build.0 = Debug|iPhoneSimulator
		{C1D6792B-8F6F-4053-9F5B-E8E86E798C5C}.Debug|iPhoneSimulator.Deploy.0 = Debug|iPhoneSimulator
		{C1D6792B-8F6F-4053-9F5B-E8E86E798C5C}.Debug|x64.ActiveCfg = Debug|iPhoneSimulator
		{C1D6792B-8F6F-4053-9F5B-E8E86E798C5C}.Debug|x64.Build.0 = Debug|iPhoneSimulator
		{C1D6792B-8F6F-4053-9F5B-E8E86E798C5C}.Debug|x64.Deploy.0 = Debug|iPhoneSimulator
		{C1D6792B-8F6F-4053-9F5B-E8E86E798C5C}.Debug|x86.ActiveCfg = Debug|iPhoneSimulator
		{C1D6792B-8F6F-4053-9F5B-E8E86E798C5C}.Debug|x86.Build.0 = Debug|iPhoneSimulator
		{C1D6792B-8F6F-4053-9F5B-E8E86E798C5C}.Debug|x86.Deploy.0 = Debug|iPhoneSimulator
		{C1D6792B-8F6F-4053-9F5B-E8E86E798C5C}.Release|Any CPU.ActiveCfg = Release|iPhoneSimulator
		{C1D6792B-8F6F-4053-9F5B-E8E86E798C5C}.Release|Any CPU.Build.0 = Release|iPhoneSimulator
		{C1D6792B-8F6F-4053-9F5B-E8E86E798C5C}.Release|Any CPU.Deploy.0 = Release|iPhoneSimulator
		{C1D6792B-8F6F-4053-9F5B-E8E86E798C5C}.Release|ARM.ActiveCfg = Release|iPhoneSimulator
		{C1D6792B-8F6F-4053-9F5B-E8E86E798C5C}.Release|ARM.Build.0 = Release|iPhoneSimulator
		{C1D6792B-8F6F-4053-9F5B-E8E86E798C5C}.Release|ARM.Deploy.0 = Release|iPhoneSimulator
		{C1D6792B-8F6F-4053-9F5B-E8E86E798C5C}.Release|iPhone.ActiveCfg = Release|iPhone
		{C1D6792B-8F6F-4053-9F5B-E8E86E798C5C}.Release|iPhone.Build.0 = Release|iPhone
		{C1D6792B-8F6F-4053-9F5B-E8E86E798C5C}.Release|iPhone.Deploy.0 = Release|iPhone
		{C1D6792B-8F6F-4053-9F5B-E8E86E798C5C}.Release|iPhoneSimulator.ActiveCfg = Release|iPhoneSimulator
		{C1D6792B-8F6F-4053-9F5B-E8E86E798C5C}.Release|iPhoneSimulator.Build.0 = Release|iPhoneSimulator
		{C1D6792B-8F6F-4053-9F5B-E8E86E798C5C}.Release|iPhoneSimulator.Deploy.0 = Release|iPhoneSimulator
		{C1D6792B-8F6F-4053-9F5B-E8E86E798C5C}.Release|x64.ActiveCfg = Release|iPhoneSimulator
		{C1D6792B-8F6F-4053-9F5B-E8E86E798C5C}.Release|x64.Build.0 = Release|iPhoneSimulator
		{C1D6792B-8F6F-4053-9F5B-E8E86E798C5C}.Release|x64.Deploy.0 = Release|iPhoneSimulator
		{C1D6792B-8F6F-4053-9F5B-E8E86E798C5C}.Release|x86.ActiveCfg = Release|iPhoneSimulator
		{C1D6792B-8F6F-4053-9F5B-E8E86E798C5C}.Release|x86.Build.0 = Release|iPhoneSimulator
		{C1D6792B-8F6F-4053-9F5B-E8E86E798C5C}.Release|x86.Deploy.0 = Release|iPhoneSimulator
		{861B15C4-58EB-4067-A0E3-B09964EA0A3A}.Debug|Any CPU.ActiveCfg = Debug|Any CPU
		{861B15C4-58EB-4067-A0E3-B09964EA0A3A}.Debug|Any CPU.Build.0 = Debug|Any CPU
		{861B15C4-58EB-4067-A0E3-B09964EA0A3A}.Debug|Any CPU.Deploy.0 = Debug|Any CPU
		{861B15C4-58EB-4067-A0E3-B09964EA0A3A}.Debug|ARM.ActiveCfg = Debug|Any CPU
		{861B15C4-58EB-4067-A0E3-B09964EA0A3A}.Debug|ARM.Build.0 = Debug|Any CPU
		{861B15C4-58EB-4067-A0E3-B09964EA0A3A}.Debug|ARM.Deploy.0 = Debug|Any CPU
		{861B15C4-58EB-4067-A0E3-B09964EA0A3A}.Debug|iPhone.ActiveCfg = Debug|Any CPU
		{861B15C4-58EB-4067-A0E3-B09964EA0A3A}.Debug|iPhone.Build.0 = Debug|Any CPU
		{861B15C4-58EB-4067-A0E3-B09964EA0A3A}.Debug|iPhone.Deploy.0 = Debug|Any CPU
		{861B15C4-58EB-4067-A0E3-B09964EA0A3A}.Debug|iPhoneSimulator.ActiveCfg = Debug|Any CPU
		{861B15C4-58EB-4067-A0E3-B09964EA0A3A}.Debug|iPhoneSimulator.Build.0 = Debug|Any CPU
		{861B15C4-58EB-4067-A0E3-B09964EA0A3A}.Debug|iPhoneSimulator.Deploy.0 = Debug|Any CPU
		{861B15C4-58EB-4067-A0E3-B09964EA0A3A}.Debug|x64.ActiveCfg = Debug|Any CPU
		{861B15C4-58EB-4067-A0E3-B09964EA0A3A}.Debug|x64.Build.0 = Debug|Any CPU
		{861B15C4-58EB-4067-A0E3-B09964EA0A3A}.Debug|x64.Deploy.0 = Debug|Any CPU
		{861B15C4-58EB-4067-A0E3-B09964EA0A3A}.Debug|x86.ActiveCfg = Debug|Any CPU
		{861B15C4-58EB-4067-A0E3-B09964EA0A3A}.Debug|x86.Build.0 = Debug|Any CPU
		{861B15C4-58EB-4067-A0E3-B09964EA0A3A}.Debug|x86.Deploy.0 = Debug|Any CPU
		{861B15C4-58EB-4067-A0E3-B09964EA0A3A}.Release|Any CPU.ActiveCfg = Release|Any CPU
		{861B15C4-58EB-4067-A0E3-B09964EA0A3A}.Release|Any CPU.Build.0 = Release|Any CPU
		{861B15C4-58EB-4067-A0E3-B09964EA0A3A}.Release|Any CPU.Deploy.0 = Release|Any CPU
		{861B15C4-58EB-4067-A0E3-B09964EA0A3A}.Release|ARM.ActiveCfg = Release|Any CPU
		{861B15C4-58EB-4067-A0E3-B09964EA0A3A}.Release|ARM.Build.0 = Release|Any CPU
		{861B15C4-58EB-4067-A0E3-B09964EA0A3A}.Release|ARM.Deploy.0 = Release|Any CPU
		{861B15C4-58EB-4067-A0E3-B09964EA0A3A}.Release|iPhone.ActiveCfg = Release|Any CPU
		{861B15C4-58EB-4067-A0E3-B09964EA0A3A}.Release|iPhone.Build.0 = Release|Any CPU
		{861B15C4-58EB-4067-A0E3-B09964EA0A3A}.Release|iPhone.Deploy.0 = Release|Any CPU
		{861B15C4-58EB-4067-A0E3-B09964EA0A3A}.Release|iPhoneSimulator.ActiveCfg = Release|Any CPU
		{861B15C4-58EB-4067-A0E3-B09964EA0A3A}.Release|iPhoneSimulator.Build.0 = Release|Any CPU
		{861B15C4-58EB-4067-A0E3-B09964EA0A3A}.Release|iPhoneSimulator.Deploy.0 = Release|Any CPU
		{861B15C4-58EB-4067-A0E3-B09964EA0A3A}.Release|x64.ActiveCfg = Release|Any CPU
		{861B15C4-58EB-4067-A0E3-B09964EA0A3A}.Release|x64.Build.0 = Release|Any CPU
		{861B15C4-58EB-4067-A0E3-B09964EA0A3A}.Release|x64.Deploy.0 = Release|Any CPU
		{861B15C4-58EB-4067-A0E3-B09964EA0A3A}.Release|x86.ActiveCfg = Release|Any CPU
		{861B15C4-58EB-4067-A0E3-B09964EA0A3A}.Release|x86.Build.0 = Release|Any CPU
		{861B15C4-58EB-4067-A0E3-B09964EA0A3A}.Release|x86.Deploy.0 = Release|Any CPU
	EndGlobalSection
	GlobalSection(SolutionProperties) = preSolution
		HideSolutionNode = FALSE
	EndGlobalSection
	GlobalSection(ExtensibilityGlobals) = postSolution
		SolutionGuid = {F3EA7B5D-03FC-404B-BD56-4C6904A8D7D1}
	EndGlobalSection
EndGlobal
